
Microsoft Visual Studio Solution File, Format Version 12.00
# Visual Studio Version 17
VisualStudioVersion = 17.7.34031.279
MinimumVisualStudioVersion = 10.0.40219.1
Project("{9A19103F-16F7-4668-BE54-9A1E7A4F7556}") = "vehiclesapi", "vehiclesapi.csproj", "{512770DB-618D-41FF-A42C-2EA6E3DAB63A}"
EndProject
Global
	GlobalSection(SolutionConfigurationPlatforms) = preSolution
		Debug|Any CPU = Debug|Any CPU
		Release|Any CPU = Release|Any CPU
	EndGlobalSection
	GlobalSection(ProjectConfigurationPlatforms) = postSolution
		{512770DB-618D-41FF-A42C-2EA6E3DAB63A}.Debug|Any CPU.ActiveCfg = Debug|Any CPU
		{512770DB-618D-41FF-A42C-2EA6E3DAB63A}.Debug|Any CPU.Build.0 = Debug|Any CPU
		{512770DB-618D-41FF-A42C-2EA6E3DAB63A}.Release|Any CPU.ActiveCfg = Release|Any CPU
		{512770DB-618D-41FF-A42C-2EA6E3DAB63A}.Release|Any CPU.Build.0 = Release|Any CPU
	EndGlobalSection
	GlobalSection(SolutionProperties) = preSolution
		HideSolutionNode = FALSE
	EndGlobalSection
	GlobalSection(ExtensibilityGlobals) = postSolution
		SolutionGuid = {48E07EAD-1160-4755-A904-D968D44D1E7C}
	EndGlobalSection
EndGlobal
